
Microsoft Visual Studio Solution File, Format Version 12.00
# Visual Studio Version 17
VisualStudioVersion = 17.14.36511.14 d17.14
MinimumVisualStudioVersion = 10.0.40219.1
Project("{FAE04EC0-301F-11D3-BF4B-00C04F79EFBC}") = "LW_3_4_Daryev1_MiA", "LW_3_4_Daryev1_MiA.csproj", "{AAE35BB5-6AD5-4D88-95C8-5F7A8C17A3C0}"
EndProject
Global
	GlobalSection(SolutionConfigurationPlatforms) = preSolution
		Debug|Any CPU = Debug|Any CPU
		Release|Any CPU = Release|Any CPU
	EndGlobalSection
	GlobalSection(ProjectConfigurationPlatforms) = postSolution
		{AAE35BB5-6AD5-4D88-95C8-5F7A8C17A3C0}.Debug|Any CPU.ActiveCfg = Debug|Any CPU
		{AAE35BB5-6AD5-4D88-95C8-5F7A8C17A3C0}.Debug|Any CPU.Build.0 = Debug|Any CPU
		{AAE35BB5-6AD5-4D88-95C8-5F7A8C17A3C0}.Release|Any CPU.ActiveCfg = Release|Any CPU
		{AAE35BB5-6AD5-4D88-95C8-5F7A8C17A3C0}.Release|Any CPU.Build.0 = Release|Any CPU
	EndGlobalSection
	GlobalSection(SolutionProperties) = preSolution
		HideSolutionNode = FALSE
	EndGlobalSection
	GlobalSection(ExtensibilityGlobals) = postSolution
		SolutionGuid = {66C9BE35-D652-4A5A-9291-7B1C1EC75470}
	EndGlobalSection
EndGlobal
